
Microsoft Visual Studio Solution File, Format Version 12.00
Project("{FAE04EC0-301F-11D3-BF4B-00C04F79EFBC}") = "RSAsign", "RSAsign\RSAsign.csproj", "{03FA3052-A936-4ECA-9D82-C6514FBC4097}"
EndProject
Global
	GlobalSection(SolutionConfigurationPlatforms) = preSolution
		Debug|Any CPU = Debug|Any CPU
		Release|Any CPU = Release|Any CPU
	EndGlobalSection
	GlobalSection(ProjectConfigurationPlatforms) = postSolution
		{03FA3052-A936-4ECA-9D82-C6514FBC4097}.Debug|Any CPU.ActiveCfg = Debug|Any CPU
		{03FA3052-A936-4ECA-9D82-C6514FBC4097}.Debug|Any CPU.Build.0 = Debug|Any CPU
		{03FA3052-A936-4ECA-9D82-C6514FBC4097}.Release|Any CPU.ActiveCfg = Release|Any CPU
		{03FA3052-A936-4ECA-9D82-C6514FBC4097}.Release|Any CPU.Build.0 = Release|Any CPU
	EndGlobalSection
EndGlobal
